Microsoft Visual Studio Solution File, Format Version 12.00
# Visual Studio Version 17
VisualStudioVersion = 17.5.2.0
MinimumVisualStudioVersion = 10.0.40219.1
Project("{FAE04EC0-301F-11D3-BF4B-00C04F79EFBC}") = "Intern-Coding-Challenge", "Intern-Coding-Challenge.csproj", "{8882222B-7C01-00B5-435B-0227847ACF50}"
EndProject
Global
	GlobalSection(SolutionConfigurationPlatforms) = preSolution
		Debug|Any CPU = Debug|Any CPU
		Release|Any CPU = Release|Any CPU
	EndGlobalSection
	GlobalSection(ProjectConfigurationPlatforms) = postSolution
		{8882222B-7C01-00B5-435B-0227847ACF50}.Debug|Any CPU.ActiveCfg = Debug|Any CPU
		{8882222B-7C01-00B5-435B-0227847ACF50}.Debug|Any CPU.Build.0 = Debug|Any CPU
		{8882222B-7C01-00B5-435B-0227847ACF50}.Release|Any CPU.ActiveCfg = Release|Any CPU
		{8882222B-7C01-00B5-435B-0227847ACF50}.Release|Any CPU.Build.0 = Release|Any CPU
	EndGlobalSection
	GlobalSection(SolutionProperties) = preSolution
		HideSolutionNode = FALSE
	EndGlobalSection
	GlobalSection(ExtensibilityGlobals) = postSolution
		SolutionGuid = {7DDCC3F6-AD02-4F39-9C44-33E3687F91B4}
	EndGlobalSection
EndGlobal
